
Microsoft Visual Studio Solution File, Format Version 12.00
# Visual Studio Version 16
VisualStudioVersion = 16.0.31321.278
MinimumVisualStudioVersion = 10.0.40219.1
Project("{8BC9CEB8-8B4A-11D0-8D11-00A0C91BC942}") = "Project1", "Project1.vcxproj", "{C2BC2D83-9567-4D1A-828E-CA33F26D0602}"
EndProject
Global
	GlobalSection(SolutionConfigurationPlatforms) = preSolution
		Debug|x64 = Debug|x64
		Debug|x86 = Debug|x86
		Release|x64 = Release|x64
		Release|x86 = Release|x86
	EndGlobalSection
	GlobalSection(ProjectConfigurationPlatforms) = postSolution
		{C2BC2D83-9567-4D1A-828E-CA33F26D0602}.Debug|x64.ActiveCfg = Debug|x64
		{C2BC2D83-9567-4D1A-828E-CA33F26D0602}.Debug|x64.Build.0 = Debug|x64
		{C2BC2D83-9567-4D1A-828E-CA33F26D0602}.Debug|x86.ActiveCfg = Debug|Win32
		{C2BC2D83-9567-4D1A-828E-CA33F26D0602}.Debug|x86.Build.0 = Debug|Win32
		{C2BC2D83-9567-4D1A-828E-CA33F26D0602}.Release|x64.ActiveCfg = Release|x64
		{C2BC2D83-9567-4D1A-828E-CA33F26D0602}.Release|x64.Build.0 = Release|x64
		{C2BC2D83-9567-4D1A-828E-CA33F26D0602}.Release|x86.ActiveCfg = Release|Win32
		{C2BC2D83-9567-4D1A-828E-CA33F26D0602}.Release|x86.Build.0 = Release|Win32
	EndGlobalSection
	GlobalSection(SolutionProperties) = preSolution
		HideSolutionNode = FALSE
	EndGlobalSection
	GlobalSection(ExtensibilityGlobals) = postSolution
		SolutionGuid = {9B0B0475-A670-402F-9DF2-B777217CA8CE}
	EndGlobalSection
EndGlobal
